lockfileVersion: 5.3

specifiers:
  '@iconify-json/mdi': ^1.0.12
  '@sveltejs/adapter-auto': next
  '@sveltejs/adapter-static': ^1.0.0-next.23
  '@sveltejs/kit': next
  '@unocss/reset': ^0.18.0
  date-fns: ^2.27.0
  mdsvex: ^0.9.8
  prettier: ^2.4.1
  prettier-plugin-svelte: ^2.4.0
  svelte: ^3.44.0
  svelte-check: ^2.2.6
  svelte-preprocess: ^4.9.4
  tslib: ^2.3.1
  typescript: ^4.4.3
  unocss: ^0.18.0
  unocss-preset-typography: ^0.3.0
  vite-tsconfig-paths: ^3.3.17

dependencies:
  '@unocss/reset': 0.18.0
  date-fns: 2.27.0
  vite-tsconfig-paths: 3.3.17

devDependencies:
  '@iconify-json/mdi': 1.0.12
  '@sveltejs/adapter-auto': 1.0.0-next.5
  '@sveltejs/adapter-static': 1.0.0-next.23
  '@sveltejs/kit': 1.0.0-next.206_svelte@3.44.3
  mdsvex: 0.9.8_svelte@3.44.3
  prettier: 2.5.1
  prettier-plugin-svelte: 2.5.1_prettier@2.5.1+svelte@3.44.3
  svelte: 3.44.3
  svelte-check: 2.2.11_svelte@3.44.3
  svelte-preprocess: 4.10.1_svelte@3.44.3+typescript@4.5.4
  tslib: 2.3.1
  typescript: 4.5.4
  unocss: 0.18.0
  unocss-preset-typography: 0.3.0_unocss@0.18.0

packages:

  /@antfu/utils/0.3.0:
    resolution: {integrity: sha512-UU8TLr/EoXdg7OjMp0h9oDoIAVr+Z/oW9cpOxQQyrsz6Qzd2ms/1CdWx8fl2OQdFpxGmq5Vc4TwfLHId6nAZjA==}
    dependencies:
      '@types/throttle-debounce': 2.1.0
    dev: true

  /@cush/relative/1.0.0:
    resolution: {integrity: sha512-RpfLEtTlyIxeNPGKcokS+p3BZII/Q3bYxryFRglh5H3A3T8q9fsLYm72VYAMEOOIBLEa8o93kFLiBDUWKrwXZA==}
    dev: false

  /@iarna/toml/2.2.5:
    resolution: {integrity: sha512-trnsAYxU3xnS1gPHPyU961coFyLkh4gAD/0zQ5mymY4yOZ+CYvsPqUbOFSw0aDM4y0tV7tiFxL/1XfXPNC6IPg==}
    dev: true

  /@iconify-json/mdi/1.0.12:
    resolution: {integrity: sha512-smYQpxDqSCUdySFSYZpH0BAEVbgFnU4IE/Hb36zavseOl3zFlKDvGOEFPC7djkEabrIWi9KDAUdbtIREcgVE8A==}
    dependencies:
      '@iconify/types': 1.0.12
    dev: true

  /@iconify/types/1.0.12:
    resolution: {integrity: sha512-6er6wSGF3hgc1JEZqiGpg21CTCjHBYOUwqLmb2Idzkjiw6ogalGP0ZMLVutCzah+0WB4yP+Zd2oVPN8jvJ+Ftg==}
    dev: true

  /@iconify/utils/1.0.20:
    resolution: {integrity: sha512-J5IriR8KeANs8vIEFKWzOlOvNgZHkwqkmqaIwvqtuDbBeFHtXGfM/LYMDmjtRJ0AAa7f254qw6TK7gAibYfHUA==}
    dependencies:
      '@iconify/types': 1.0.12
    dev: true

  /@nodelib/fs.scandir/2.1.5:
    resolution: {integrity: sha512-vq24Bq3ym5HEQm2NKCr3yXDwjc7vTsEThRDnkp2DK9p1uqLR+DHurm/NOTo0KG7HYHU7eppKZj3MyqYuMBf62g==}
    engines: {node: '>= 8'}
    dependencies:
      '@nodelib/fs.stat': 2.0.5
      run-parallel: 1.2.0
    dev: true

  /@nodelib/fs.stat/2.0.5:
    resolution: {integrity: sha512-RkhPPp2zrqDAQA/2jNhnztcPAlv64XdhIp7a7454A5ovI7Bukxgt7MX7udwAu3zg1DcpPU0rz3VV1SeaqvY4+A==}
    engines: {node: '>= 8'}
    dev: true

  /@nodelib/fs.walk/1.2.8:
    resolution: {integrity: sha512-oGB+UxlgWcgQkgwo8GcEGwemoTFt3FIO9ababBmaGwXIoBKZ+GTy0pP185beGg7Llih/NSHSV2XAs1lnznocSg==}
    engines: {node: '>= 8'}
    dependencies:
      '@nodelib/fs.scandir': 2.1.5
      fastq: 1.13.0
    dev: true

  /@polka/url/1.0.0-next.21:
    resolution: {integrity: sha512-a5Sab1C4/icpTZVzZc5Ghpz88yQtGOyNqYXcZgOssB2uuAr+wF/MvN6bgtW32q7HHrvBki+BsZ0OuNv6EV3K9g==}
    dev: true

  /@rollup/pluginutils/4.1.2:
    resolution: {integrity: sha512-ROn4qvkxP9SyPeHaf7uQC/GPFY6L/OWy9+bd9AwcjOAWQwxRscoEyAUD8qCY5o5iL4jqQwoLk2kaTKJPb/HwzQ==}
    engines: {node: '>= 8.0.0'}
    dependencies:
      estree-walker: 2.0.2
      picomatch: 2.3.0
    dev: true

  /@sveltejs/adapter-auto/1.0.0-next.5:
    resolution: {integrity: sha512-pD0iULDFuOQ0I9fLvdjL9BrA90hZwYtcaI25pNCdxGzdn9sgpXhxmON807fJgn1lG9HQ1LBTABz4gUMXviVAdg==}
    dependencies:
      '@sveltejs/adapter-cloudflare': 1.0.0-next.4
      '@sveltejs/adapter-netlify': 1.0.0-next.36
      '@sveltejs/adapter-vercel': 1.0.0-next.32
    dev: true

  /@sveltejs/adapter-cloudflare/1.0.0-next.4:
    resolution: {integrity: sha512-c792TBbVhWtqAjxeorkHUArz4bTFpvAXfgMZALakNV4lakUH/1bgjisrSg5xMNQlUqu1kkUlKQic61avsKH8gw==}
    dependencies:
      esbuild: 0.13.15
    dev: true

  /@sveltejs/adapter-netlify/1.0.0-next.36:
    resolution: {integrity: sha512-LdrIXCTBnIubtt/lthcnyt5VljuHpZlVzUqpWXk9Eu6bpNKblqQLMHkTBQfIbPfanmNSDZXJQVsdcFLqF2/+Cw==}
    dependencies:
      '@iarna/toml': 2.2.5
      esbuild: 0.13.15
    dev: true

  /@sveltejs/adapter-static/1.0.0-next.23:
    resolution: {integrity: sha512-7fp+tVjh/Fi5PQxTBQAdwbOgBqtJYtNNVaa6Gb7nf7ETClojrZWFZq9ZtRfIkrrNyRNGPOl81IMO5tIHNkVfxw==}
    dependencies:
      tiny-glob: 0.2.9
    dev: true

  /@sveltejs/adapter-vercel/1.0.0-next.32:
    resolution: {integrity: sha512-ZcltaS5bAobGD5P0z7xJIjPHSlGpF7padMIkqTzJxwMEb/acGgdO5yzDS8XUEaSNgj+prpD2oG8+gm33ds8x0A==}
    dependencies:
      esbuild: 0.13.15
    dev: true

  /@sveltejs/kit/1.0.0-next.206_svelte@3.44.3:
    resolution: {integrity: sha512-AQEOKZLG1GKkuBfWUKKxMs9A3AzE9tSHYc4Lu+AL/4BAs4erIFdOei2ldsxak2ICxxeaCloqVRPvIOtj7UEacg==}
    engines: {node: '>=14.13'}
    hasBin: true
    peerDependencies:
      svelte: ^3.44.0
    dependencies:
      '@sveltejs/vite-plugin-svelte': 1.0.0-next.32_svelte@3.44.3+vite@2.7.6
      cheap-watch: 1.0.4
      sade: 1.7.4
      svelte: 3.44.3
      vite: 2.7.6
    transitivePeerDependencies:
      - diff-match-patch
      - less
      - sass
      - stylus
      - supports-color
    dev: true

  /@sveltejs/vite-plugin-svelte/1.0.0-next.32_svelte@3.44.3+vite@2.7.6:
    resolution: {integrity: sha512-Lhf5BxVylosHIW6U2s6WDQA39ycd+bXivC8gHsXCJeLzxoHj7Pv7XAOk25xRSXT4wHg9DWFMBQh2DFU0DxHZ2g==}
    engines: {node: ^14.13.1 || >= 16}
    peerDependencies:
      diff-match-patch: ^1.0.5
      svelte: ^3.44.0
      vite: ^2.7.0
    peerDependenciesMeta:
      diff-match-patch:
        optional: true
    dependencies:
      '@rollup/pluginutils': 4.1.2
      debug: 4.3.3
      kleur: 4.1.4
      magic-string: 0.25.7
      require-relative: 0.8.7
      svelte: 3.44.3
      svelte-hmr: 0.14.9_svelte@3.44.3
      vite: 2.7.6
    transitivePeerDependencies:
      - supports-color
    dev: true

  /@types/json5/0.0.29:
    resolution: {integrity: sha1-7ihweulOEdK4J7y+UnC86n8+ce4=}
    dev: false

  /@types/node/17.0.4:
    resolution: {integrity: sha512-6xwbrW4JJiJLgF+zNypN5wr2ykM9/jHcL7rQ8fZe2vuftggjzZeRSM4OwRc6Xk8qWjwJ99qVHo/JgOGmomWRog==}
    dev: true

  /@types/pug/2.0.6:
    resolution: {integrity: sha512-SnHmG9wN1UVmagJOnyo/qkk0Z7gejYxOYYmaAwr5u2yFYfsupN3sg10kyzN8Hep/2zbHxCnsumxOoRIRMBwKCg==}
    dev: true

  /@types/sass/1.43.1:
    resolution: {integrity: sha512-BPdoIt1lfJ6B7rw35ncdwBZrAssjcwzI5LByIrYs+tpXlj/CAkuVdRsgZDdP4lq5EjyWzwxZCqAoFyHKFwp32g==}
    dependencies:
      '@types/node': 17.0.4
    dev: true

  /@types/throttle-debounce/2.1.0:
    resolution: {integrity: sha512-5eQEtSCoESnh2FsiLTxE121IiE60hnMqcb435fShf4bpLRjEu1Eoekht23y6zXS9Ts3l+Szu3TARnTsA0GkOkQ==}
    dev: true

  /@types/unist/2.0.6:
    resolution: {integrity: sha512-PBjIUxZHOuj0R15/xuwJYjFi+KZdNFrehocChv4g5hu6aFroHue8m0lBP0POdK2nKzbw0cgV1mws8+V/JAcEkQ==}
    dev: true

  /@unocss/cli/0.18.0:
    resolution: {integrity: sha512-qfErP09NulSkK5/4yTvnfm0XVISXW+BvgU9FJSZwYlCcfuqA/cYJdHMVVXKc+loTpRjZYAYXshlQTVndThklWg==}
    engines: {node: '>=14'}
    hasBin: true
    dependencies:
      '@unocss/config': 0.18.0
      '@unocss/core': 0.18.0
      '@unocss/preset-uno': 0.18.0
      cac: 6.7.12
      chokidar: 3.5.2
      colorette: 2.0.16
      consola: 2.15.3
      fast-glob: 3.2.7
      pathe: 0.2.0
    dev: true

  /@unocss/config/0.18.0:
    resolution: {integrity: sha512-vnvrMANlV9sSXS3h/2FJSbqAhqxuR6CJVenxtl0YnSQd/5AvVBOyimHp/tF1j3G8o1f5SC8peCGamtnEruEc2w==}
    engines: {node: '>=14'}
    dependencies:
      '@unocss/core': 0.18.0
      unconfig: 0.2.2
    dev: true

  /@unocss/core/0.18.0:
    resolution: {integrity: sha512-QMA8oXBAvYwDR01j8xJFRw/I/ME8CytcgkhavR2oRfiE8FVFngCBfWtO/qHOF3VAh2NnWLiVVXPyfYQ3fD+HxQ==}
    dev: true

  /@unocss/inspector/0.18.0:
    resolution: {integrity: sha512-QUI0BSgHaWKbMyBThJ1GN8Vfxm6OREHCD/eKvcFDgmctT7VVHjA2LluWxAs+64yDLwgCNqyzz8kinY46iy4djw==}
    dependencies:
      gzip-size: 6.0.0
      sirv: 1.0.19
    dev: true

  /@unocss/preset-attributify/0.18.0:
    resolution: {integrity: sha512-ZqId1pwOE/QbZglJreohkusKZXwq7jo+40iH3zlcnwzPq9Hvt4WY+vgjThvLwU+mEg8YbcXy8blhaAfNcgTG4A==}
    dependencies:
      '@unocss/core': 0.18.0
    dev: true

  /@unocss/preset-icons/0.18.0:
    resolution: {integrity: sha512-WqwJ+SwfYqh/H5sSZyEKEbzlnPDM/EqKsAmmCZtKJX5kmpIyVsT6ern0guLeE/hgpKutO19pfYRwXSwuaQvSng==}
    dependencies:
      '@iconify/utils': 1.0.20
      '@unocss/core': 0.18.0
      local-pkg: 0.4.0
    dev: true

  /@unocss/preset-mini/0.18.0:
    resolution: {integrity: sha512-pFG5BqKF0yKfTX17yHIOqP8cOEJpcLbsclf9Gqa2cnyvS4wVFkP5cv7GBnDq8HTpzSi1QjPkMudaEL2HeMyWnA==}
    dependencies:
      '@unocss/core': 0.18.0
    dev: true

  /@unocss/preset-uno/0.18.0:
    resolution: {integrity: sha512-gq1EFxBgszqYL3g7kHzb+cQ4XE3sjVreZq2y34ak2r/TMp4TnjRVtnpK45SwStU67skjLV+zxWA4Dgi0GkKWJw==}
    dependencies:
      '@unocss/core': 0.18.0
      '@unocss/preset-mini': 0.18.0
      '@unocss/preset-wind': 0.18.0
    dev: true

  /@unocss/preset-wind/0.18.0:
    resolution: {integrity: sha512-4/fVOwelDlXrCf7ivEVS6Ibf8E7Fa/GenDV0IllZ8ISSteEppDTu+TZJmj1cxO7o2pMERMOY+A8tJssMw2MUaw==}
    dependencies:
      '@unocss/core': 0.18.0
      '@unocss/preset-mini': 0.18.0
    dev: true

  /@unocss/reset/0.18.0:
    resolution: {integrity: sha512-+XUCO53f2L9gg3QL/O380LAlgH+qUzUH8gXS8PKlyPZfqVybl/OKwjNfJ4uwoLd84cZKzCh67ZO3yxinFhbLVg==}

  /@unocss/scope/0.18.0:
    resolution: {integrity: sha512-+erB4/V96PA5FwwxbvqIJ6H9GUOmjYPvhUCZWkMHcbMFhR7SQSGG+iYMR29ctoHanUjVBWPl7wB/3rqKT7foQA==}
    dev: true

  /@unocss/vite/0.18.0:
    resolution: {integrity: sha512-s2GAwPu+O+48oaiHh92mbWVolJDqBaGkGvwmL8/t0rn7haRpdYlyeIO8rbMLutna7X631Bh894xEFhyp4Z+owg==}
    dependencies:
      '@rollup/pluginutils': 4.1.2
      '@unocss/config': 0.18.0
      '@unocss/core': 0.18.0
      '@unocss/inspector': 0.18.0
      '@unocss/scope': 0.18.0
    dev: true

  /ansi-styles/4.3.0:
    resolution: {integrity: sha512-zbB9rCJAT1rbjiVDb2hqKFHNYLxgtk8NURxZ3IZwD3F6NtxbXZQCnnSi1Lkx+IDohdPlFp222wVALIheZJQSEg==}
    engines: {node: '>=8'}
    dependencies:
      color-convert: 2.0.1
    dev: true

  /anymatch/3.1.2:
    resolution: {integrity: sha512-P43ePfOAIupkguHUycrc4qJ9kz8ZiuOUijaETwX7THt0Y/GNK7v0aa8rY816xWjZ7rJdA5XdMcpVFTKMq+RvWg==}
    engines: {node: '>= 8'}
    dependencies:
      normalize-path: 3.0.0
      picomatch: 2.3.0
    dev: true

  /balanced-match/1.0.2:
    resolution: {integrity: sha512-3oSeUO0TMV67hN1AmbXsK4yaqU7tjiHlbxRDZOpH0KW9+CeX4bRAaX0Anxt0tx2MrpRpWwQaPwIlISEJhYU5Pw==}
    dev: true

  /binary-extensions/2.2.0:
    resolution: {integrity: sha512-jDctJ/IVQbZoJykoeHbhXpOlNBqGNcwXJKJog42E5HDPUwQTSdjCHdihjj0DlnheQ7blbT6dHOafNAiS8ooQKA==}
    engines: {node: '>=8'}
    dev: true

  /brace-expansion/1.1.11:
    resolution: {integrity: sha512-iCuPHDFgrHX7H2vEI/5xpz07zSHB00TpugqhmYtVmMO6518mCuRMoOYFldEBl0g187ufozdaHgWKcYFb61qGiA==}
    dependencies:
      balanced-match: 1.0.2
      concat-map: 0.0.1
    dev: true

  /braces/3.0.2:
    resolution: {integrity: sha512-b8um+L1RzM3WDSzvhm6gIz1yfTbBt6YTlcEKAvsmqCZZFw46z626lVj9j1yEPW33H5H+lBQpZMP1k8l+78Ha0A==}
    engines: {node: '>=8'}
    dependencies:
      fill-range: 7.0.1
    dev: true

  /buffer-crc32/0.2.13:
    resolution: {integrity: sha1-DTM+PwDqxQqhRUq9MO+MKl2ackI=}
    dev: true

  /builtins/4.0.0:
    resolution: {integrity: sha512-qC0E2Dxgou1IHhvJSLwGDSTvokbRovU5zZFuDY6oY8Y2lF3nGt5Ad8YZK7GMtqzY84Wu7pXTPeHQeHcXSXsRhw==}
    dependencies:
      semver: 7.3.5
    dev: true

  /cac/6.7.12:
    resolution: {integrity: sha512-rM7E2ygtMkJqD9c7WnFU6fruFcN3xe4FM5yUmgxhZzIKJk4uHl9U/fhwdajGFQbQuv43FAUo1Fe8gX/oIKDeSA==}
    engines: {node: '>=8'}
    dev: true

  /callsites/3.1.0:
    resolution: {integrity: sha512-P8BjAsXvZS+VIDUI11hHCQEv74YT67YUi5JJFNWIqL235sBmjX4+qx9Muvls5ivyNENctx46xQLQ3aTuE7ssaQ==}
    engines: {node: '>=6'}
    dev: true

  /chalk/4.1.2:
    resolution: {integrity: sha512-oKnbhFyRIXpUuez8iBMmyEa4nbj4IOQyuhc/wy9kY7/WVPcwIO9VA668Pu8RkO7+0G76SLROeyw9CpQ061i4mA==}
    engines: {node: '>=10'}
    dependencies:
      ansi-styles: 4.3.0
      supports-color: 7.2.0
    dev: true

  /cheap-watch/1.0.4:
    resolution: {integrity: sha512-QR/9FrtRL5fjfUJBhAKCdi0lSRQ3rVRRum3GF9wDKp2TJbEIMGhUEr2yU8lORzm9Isdjx7/k9S0DFDx+z5VGtw==}
    engines: {node: '>=8'}
    dev: true

  /chokidar/3.5.2:
    resolution: {integrity: sha512-ekGhOnNVPgT77r4K/U3GDhu+FQ2S8TnK/s2KbIGXi0SZWuwkZ2QNyfWdZW+TVfn84DpEP7rLeCt2UI6bJ8GwbQ==}
    engines: {node: '>= 8.10.0'}
    dependencies:
      anymatch: 3.1.2
      braces: 3.0.2
      glob-parent: 5.1.2
      is-binary-path: 2.1.0
      is-glob: 4.0.3
      normalize-path: 3.0.0
      readdirp: 3.6.0
    optionalDependencies:
      fsevents: 2.3.2
    dev: true

  /color-convert/2.0.1:
    resolution: {integrity: sha512-RRECPsj7iu/xb5oKYcsFHSppFNnsj/52OVTRKb4zP5onXwVF3zVmmToNcOfGC+CRDpfK/U584fMg38ZHCaElKQ==}
    engines: {node: '>=7.0.0'}
    dependencies:
      color-name: 1.1.4
    dev: true

  /color-name/1.1.4:
    resolution: {integrity: sha512-dOy+3AuW3a2wNbZHIuMZpTcgjGuLU/uBL/ubcZF9OXbDo8ff4O8yVp5Bf0efS8uEoYo5q4Fx7dY9OgQGXgAsQA==}
    dev: true

  /colorette/2.0.16:
    resolution: {integrity: sha512-hUewv7oMjCp+wkBv5Rm0v87eJhq4woh5rSR+42YSQJKecCqgIqNkZ6lAlQms/BwHPJA5NKMRlpxPRv0n8HQW6g==}
    dev: true

  /concat-map/0.0.1:
    resolution: {integrity: sha1-2Klr13/Wjfd5OnMDajug1UBdR3s=}
    dev: true

  /consola/2.15.3:
    resolution: {integrity: sha512-9vAdYbHj6x2fLKC4+oPH0kFzY/orMZyG2Aj+kNylHxKGJ/Ed4dpNyAQYwJOdqO4zdM7XpVHmyejQDcQHrnuXbw==}
    dev: true

  /date-fns/2.27.0:
    resolution: {integrity: sha512-sj+J0Mo2p2X1e306MHq282WS4/A8Pz/95GIFcsPNMPMZVI3EUrAdSv90al1k+p74WGLCruMXk23bfEDZa71X9Q==}
    engines: {node: '>=0.11'}
    dev: false

  /debug/4.3.3:
    resolution: {integrity: sha512-/zxw5+vh1Tfv+4Qn7a5nsbcJKPaSvCDhojn6FEl9vupwK2VCSDtEiEtqr8DFtzYFOdz63LBkxec7DYuc2jon6Q==}
    engines: {node: '>=6.0'}
    peerDependencies:
      supports-color: '*'
    peerDependenciesMeta:
      supports-color:
        optional: true
    dependencies:
      ms: 2.1.2

  /defu/5.0.0:
    resolution: {integrity: sha512-VHg73EDeRXlu7oYWRmmrNp/nl7QkdXUxkQQKig0Zk8daNmm84AbGoC8Be6/VVLJEKxn12hR0UBmz8O+xQiAPKQ==}
    dev: true

  /detect-indent/6.1.0:
    resolution: {integrity: sha512-reYkTUJAZb9gUuZ2RvVCNhVHdg62RHnJ7WJl8ftMi4diZ6NWlciOzQN88pUhSELEwflJht4oQDv0F0BMlwaYtA==}
    engines: {node: '>=8'}
    dev: true

  /duplexer/0.1.2:
    resolution: {integrity: sha512-jtD6YG370ZCIi/9GTaJKQxWTZD045+4R4hTk/x1UyoqadyJ9x9CgSi1RlVDQF8U2sxLLSnFkCaMihqljHIWgMg==}
    dev: true

  /es6-promise/3.3.1:
    resolution: {integrity: sha1-oIzd6EzNvzTQJ6FFG8kdS80ophM=}
    dev: true

  /esbuild-android-arm64/0.13.15:
    resolution: {integrity: sha512-m602nft/XXeO8YQPUDVoHfjyRVPdPgjyyXOxZ44MK/agewFFkPa8tUo6lAzSWh5Ui5PB4KR9UIFTSBKh/RrCmg==}
    cpu: [arm64]
    os: [android]
    requiresBuild: true
    dev: true
    optional: true

  /esbuild-darwin-64/0.13.15:
    resolution: {integrity: sha512-ihOQRGs2yyp7t5bArCwnvn2Atr6X4axqPpEdCFPVp7iUj4cVSdisgvEKdNR7yH3JDjW6aQDw40iQFoTqejqxvQ==}
    cpu: [x64]
    os: [darwin]
    requiresBuild: true
    dev: true
    optional: true

  /esbuild-darwin-arm64/0.13.15:
    resolution: {integrity: sha512-i1FZssTVxUqNlJ6cBTj5YQj4imWy3m49RZRnHhLpefFIh0To05ow9DTrXROTE1urGTQCloFUXTX8QfGJy1P8dQ==}
    cpu: [arm64]
    os: [darwin]
    requiresBuild: true
    dev: true
    optional: true

  /esbuild-freebsd-64/0.13.15:
    resolution: {integrity: sha512-G3dLBXUI6lC6Z09/x+WtXBXbOYQZ0E8TDBqvn7aMaOCzryJs8LyVXKY4CPnHFXZAbSwkCbqiPuSQ1+HhrNk7EA==}
    cpu: [x64]
    os: [freebsd]
    requiresBuild: true
    dev: true
    optional: true

  /esbuild-freebsd-arm64/0.13.15:
    resolution: {integrity: sha512-KJx0fzEDf1uhNOZQStV4ujg30WlnwqUASaGSFPhznLM/bbheu9HhqZ6mJJZM32lkyfGJikw0jg7v3S0oAvtvQQ==}
    cpu: [arm64]
    os: [freebsd]
    requiresBuild: true
    dev: true
    optional: true

  /esbuild-linux-32/0.13.15:
    resolution: {integrity: sha512-ZvTBPk0YWCLMCXiFmD5EUtB30zIPvC5Itxz0mdTu/xZBbbHJftQgLWY49wEPSn2T/TxahYCRDWun5smRa0Tu+g==}
    cpu: [ia32]
    os: [linux]
    requiresBuild: true
    dev: true
    optional: true

  /esbuild-linux-64/0.13.15:
    resolution: {integrity: sha512-eCKzkNSLywNeQTRBxJRQ0jxRCl2YWdMB3+PkWFo2BBQYC5mISLIVIjThNtn6HUNqua1pnvgP5xX0nHbZbPj5oA==}
    cpu: [x64]
    os: [linux]
    requiresBuild: true
    dev: true
    optional: true

  /esbuild-linux-arm/0.13.15:
    resolution: {integrity: sha512-wUHttDi/ol0tD8ZgUMDH8Ef7IbDX+/UsWJOXaAyTdkT7Yy9ZBqPg8bgB/Dn3CZ9SBpNieozrPRHm0BGww7W/jA==}
    cpu: [arm]
    os: [linux]
    requiresBuild: true
    dev: true
    optional: true

  /esbuild-linux-arm64/0.13.15:
    resolution: {integrity: sha512-bYpuUlN6qYU9slzr/ltyLTR9YTBS7qUDymO8SV7kjeNext61OdmqFAzuVZom+OLW1HPHseBfJ/JfdSlx8oTUoA==}
    cpu: [arm64]
    os: [linux]
    requiresBuild: true
    dev: true
    optional: true

  /esbuild-linux-mips64le/0.13.15:
    resolution: {integrity: sha512-KlVjIG828uFPyJkO/8gKwy9RbXhCEUeFsCGOJBepUlpa7G8/SeZgncUEz/tOOUJTcWMTmFMtdd3GElGyAtbSWg==}
    cpu: [mips64el]
    os: [linux]
    requiresBuild: true
    dev: true
    optional: true

  /esbuild-linux-ppc64le/0.13.15:
    resolution: {integrity: sha512-h6gYF+OsaqEuBjeesTBtUPw0bmiDu7eAeuc2OEH9S6mV9/jPhPdhOWzdeshb0BskRZxPhxPOjqZ+/OqLcxQwEQ==}
    cpu: [ppc64]
    os: [linux]
    requiresBuild: true
    dev: true
    optional: true

  /esbuild-netbsd-64/0.13.15:
    resolution: {integrity: sha512-3+yE9emwoevLMyvu+iR3rsa+Xwhie7ZEHMGDQ6dkqP/ndFzRHkobHUKTe+NCApSqG5ce2z4rFu+NX/UHnxlh3w==}
    cpu: [x64]
    os: [netbsd]
    requiresBuild: true
    dev: true
    optional: true

  /esbuild-openbsd-64/0.13.15:
    resolution: {integrity: sha512-wTfvtwYJYAFL1fSs8yHIdf5GEE4NkbtbXtjLWjM3Cw8mmQKqsg8kTiqJ9NJQe5NX/5Qlo7Xd9r1yKMMkHllp5g==}
    cpu: [x64]
    os: [openbsd]
    requiresBuild: true
    dev: true
    optional: true

  /esbuild-sunos-64/0.13.15:
    resolution: {integrity: sha512-lbivT9Bx3t1iWWrSnGyBP9ODriEvWDRiweAs69vI+miJoeKwHWOComSRukttbuzjZ8r1q0mQJ8Z7yUsDJ3hKdw==}
    cpu: [x64]
    os: [sunos]
    requiresBuild: true
    dev: true
    optional: true

  /esbuild-windows-32/0.13.15:
    resolution: {integrity: sha512-fDMEf2g3SsJ599MBr50cY5ve5lP1wyVwTe6aLJsM01KtxyKkB4UT+fc5MXQFn3RLrAIAZOG+tHC+yXObpSn7Nw==}
    cpu: [ia32]
    os: [win32]
    requiresBuild: true
    dev: true
    optional: true

  /esbuild-windows-64/0.13.15:
    resolution: {integrity: sha512-9aMsPRGDWCd3bGjUIKG/ZOJPKsiztlxl/Q3C1XDswO6eNX/Jtwu4M+jb6YDH9hRSUflQWX0XKAfWzgy5Wk54JQ==}
    cpu: [x64]
    os: [win32]
    requiresBuild: true
    dev: true
    optional: true

  /esbuild-windows-arm64/0.13.15:
    resolution: {integrity: sha512-zzvyCVVpbwQQATaf3IG8mu1IwGEiDxKkYUdA4FpoCHi1KtPa13jeScYDjlW0Qh+ebWzpKfR2ZwvqAQkSWNcKjA==}
    cpu: [arm64]
    os: [win32]
    requiresBuild: true
    dev: true
    optional: true

  /esbuild/0.13.15:
    resolution: {integrity: sha512-raCxt02HBKv8RJxE8vkTSCXGIyKHdEdGfUmiYb8wnabnaEmHzyW7DCHb5tEN0xU8ryqg5xw54mcwnYkC4x3AIw==}
    hasBin: true
    requiresBuild: true
    optionalDependencies:
      esbuild-android-arm64: 0.13.15
      esbuild-darwin-64: 0.13.15
      esbuild-darwin-arm64: 0.13.15
      esbuild-freebsd-64: 0.13.15
      esbuild-freebsd-arm64: 0.13.15
      esbuild-linux-32: 0.13.15
      esbuild-linux-64: 0.13.15
      esbuild-linux-arm: 0.13.15
      esbuild-linux-arm64: 0.13.15
      esbuild-linux-mips64le: 0.13.15
      esbuild-linux-ppc64le: 0.13.15
      esbuild-netbsd-64: 0.13.15
      esbuild-openbsd-64: 0.13.15
      esbuild-sunos-64: 0.13.15
      esbuild-windows-32: 0.13.15
      esbuild-windows-64: 0.13.15
      esbuild-windows-arm64: 0.13.15
    dev: true

  /estree-walker/2.0.2:
    resolution: {integrity: sha512-Rfkk/Mp/DL7JVje3u18FxFujQlTNR2q6QfMSMB7AvCBx91NGj/ba3kCfza0f6dVDbw7YlRf/nDrn7pQrCCyQ/w==}
    dev: true

  /fast-glob/3.2.7:
    resolution: {integrity: sha512-rYGMRwip6lUMvYD3BTScMwT1HtAs2d71SMv66Vrxs0IekGZEjhM0pcMfjQPnknBt2zeCwQMEupiN02ZP4DiT1Q==}
    engines: {node: '>=8'}
    dependencies:
      '@nodelib/fs.stat': 2.0.5
      '@nodelib/fs.walk': 1.2.8
      glob-parent: 5.1.2
      merge2: 1.4.1
      micromatch: 4.0.4
    dev: true

  /fastq/1.13.0:
    resolution: {integrity: sha512-YpkpUnK8od0o1hmeSc7UUs/eB/vIPWJYjKck2QKIzAf71Vm1AAQ3EbuZB3g2JIy+pg+ERD0vqI79KyZiB2e2Nw==}
    dependencies:
      reusify: 1.0.4
    dev: true

  /fill-range/7.0.1:
    resolution: {integrity: sha512-qOo9F+dMUmC2Lcb4BbVvnKJxTPjCm+RRpe4gDuGrzkL7mEVl/djYSu2OdQ2Pa302N4oqkSg9ir6jaLWJ2USVpQ==}
    engines: {node: '>=8'}
    dependencies:
      to-regex-range: 5.0.1
    dev: true

  /fs.realpath/1.0.0:
    resolution: {integrity: sha1-FQStJSMVjKpA20onh8sBQRmU6k8=}
    dev: true

  /fsevents/2.3.2:
    resolution: {integrity: sha512-xiqMQR4xAeHTuB9uWm+fFRcIOgKBMiOBP+eXiyT7jsgVCq1bkVygt00oASowB7EdtpOHaaPgKt812P9ab+DDKA==}
    engines: {node: ^8.16.0 || ^10.6.0 || >=11.0.0}
    os: [darwin]
    requiresBuild: true
    dev: true
    optional: true

  /function-bind/1.1.1:
    resolution: {integrity: sha512-yIovAzMX49sF8Yl58fSCWJ5svSLuaibPxXQJFLmBObTuCr0Mf1KiPopGM9NiFjiYBCbfaa2Fh6breQ6ANVTI0A==}
    dev: true

  /glob-parent/5.1.2:
    resolution: {integrity: sha512-AOIgSQCepiJYwP3ARnGx+5VnTu2HBYdzbGP45eLw1vr3zB3vZLeyed1sC9hnbcOc9/SrMyM5RPQrkGz4aS9Zow==}
    engines: {node: '>= 6'}
    dependencies:
      is-glob: 4.0.3
    dev: true

  /glob-regex/0.3.2:
    resolution: {integrity: sha512-m5blUd3/OqDTWwzBBtWBPrGlAzatRywHameHeekAZyZrskYouOGdNB8T/q6JucucvJXtOuyHIn0/Yia7iDasDw==}
    dev: false

  /glob/7.2.0:
    resolution: {integrity: sha512-lmLf6gtyrPq8tTjSmrO94wBeQbFR3HbLHbuyD69wuyQkImp2hWqMGB47OX65FBkPffO641IP9jWa1z4ivqG26Q==}
    dependencies:
      fs.realpath: 1.0.0
      inflight: 1.0.6
      inherits: 2.0.4
      minimatch: 3.0.4
      once: 1.4.0
      path-is-absolute: 1.0.1
    dev: true

  /globalyzer/0.1.0:
    resolution: {integrity: sha512-40oNTM9UfG6aBmuKxk/giHn5nQ8RVz/SS4Ir6zgzOv9/qC3kKZ9v4etGTcJbEl/NyVQH7FGU7d+X1egr57Md2Q==}
    dev: true

  /globrex/0.1.2:
    resolution: {integrity: sha512-uHJgbwAMwNFf5mLst7IWLNg14x1CkeqglJb/K3doi4dw6q2IvAAmM/Y81kevy83wP+Sst+nutFTYOGg3d1lsxg==}

  /graceful-fs/4.2.8:
    resolution: {integrity: sha512-qkIilPUYcNhJpd33n0GBXTB1MMPp14TxEsEs0pTrsSVucApsYzW5V+Q8Qxhik6KU3evy+qkAAowTByymK0avdg==}
    dev: true

  /gzip-size/6.0.0:
    resolution: {integrity: sha512-ax7ZYomf6jqPTQ4+XCpUGyXKHk5WweS+e05MBO4/y3WJ5RkmPXNKvX+bx1behVILVwr6JSQvZAku021CHPXG3Q==}
    engines: {node: '>=10'}
    dependencies:
      duplexer: 0.1.2
    dev: true

  /has-flag/4.0.0:
    resolution: {integrity: sha512-EykJT/Q1KjTWctppgIAgfSO0tKVuZUjhgMr17kqTumMl6Afv3EISleU7qZUzoXDFTAHTDC4NOoG/ZxU3EvlMPQ==}
    engines: {node: '>=8'}
    dev: true

  /has/1.0.3:
    resolution: {integrity: sha512-f2dvO0VU6Oej7RkWJGrehjbzMAjFp5/VKPp5tTpWIV4JHHZK1/BxbFRtf/siA2SWTe09caDmVtYYzWEIbBS4zw==}
    engines: {node: '>= 0.4.0'}
    dependencies:
      function-bind: 1.1.1
    dev: true

  /import-fresh/3.3.0:
    resolution: {integrity: sha512-veYYhQa+D1QBKznvhUHxb8faxlrwUnxseDAbAp457E0wLNio2bOSKnjYDhMj+YiAq61xrMGhQk9iXVk5FzgQMw==}
    engines: {node: '>=6'}
    dependencies:
      parent-module: 1.0.1
      resolve-from: 4.0.0
    dev: true

  /import-meta-resolve/1.1.1:
    resolution: {integrity: sha512-JiTuIvVyPaUg11eTrNDx5bgQ/yMKMZffc7YSjvQeSMXy58DO2SQ8BtAf3xteZvmzvjYh14wnqNjL8XVeDy2o9A==}
    dependencies:
      builtins: 4.0.0
    dev: true

  /inflight/1.0.6:
    resolution: {integrity: sha1-Sb1jMdfQLQwJvJEKEHW6gWW1bfk=}
    dependencies:
      once: 1.4.0
      wrappy: 1.0.2
    dev: true

  /inherits/2.0.4:
    resolution: {integrity: sha512-k/vGaX4/Yla3WzyMCvTQOXYeIHvqOKtnqBduzTHpzpQZzAskKMhZ2K+EnBiSM9zGSoIFeMpXKxa4dYeZIQqewQ==}
    dev: true

  /is-binary-path/2.1.0:
    resolution: {integrity: sha512-ZMERYes6pDydyuGidse7OsHxtbI7WVeUEozgR/g7rd0xUimYNlvZRE/K2MgZTjWy725IfelLeVcEM97mmtRGXw==}
    engines: {node: '>=8'}
    dependencies:
      binary-extensions: 2.2.0
    dev: true

  /is-core-module/2.8.0:
    resolution: {integrity: sha512-vd15qHsaqrRL7dtH6QNuy0ndJmRDrS9HAM1CAiSifNUFv4x1a0CCVsj18hJ1mShxIG6T2i1sO78MkP56r0nYRw==}
    dependencies:
      has: 1.0.3
    dev: true

  /is-extglob/2.1.1:
    resolution: {integrity: sha1-qIwCU1eR8C7TfHahueqXc8gz+MI=}
    engines: {node: '>=0.10.0'}
    dev: true

  /is-glob/4.0.3:
    resolution: {integrity: sha512-xelSayHH36ZgE7ZWhli7pW34hNbNl8Ojv5KVmkJD4hBdD3th8Tfk9vYasLM+mXWOZhFkgZfxhLSnrwRr4elSSg==}
    engines: {node: '>=0.10.0'}
    dependencies:
      is-extglob: 2.1.1
    dev: true

  /is-number/7.0.0:
    resolution: {integrity: sha512-41Cifkg6e8TylSpdtTpeLVMqvSBEVzTttHvERD741+pnZ8ANv0004MRL43QKPDlK9cGvNp6NZWZUBlbGXYxxng==}
    engines: {node: '>=0.12.0'}
    dev: true

  /jiti/1.12.9:
    resolution: {integrity: sha512-TdcJywkQtcwLxogc4rSMAi479G2eDPzfW0fLySks7TPhgZZ4s/tM6stnzayIh3gS/db3zExWJyUx4cNWrwAmoQ==}
    hasBin: true
    dev: true

  /json5/1.0.1:
    resolution: {integrity: sha512-aKS4WQjPenRxiQsC93MNfjx+nbF4PAdYzmd/1JIj8HYzqfbu86beTuNgXDzPknWk0n0uARlyewZo4s++ES36Ow==}
    hasBin: true
    dependencies:
      minimist: 1.2.5
    dev: false

  /kleur/4.1.4:
    resolution: {integrity: sha512-8QADVssbrFjivHWQU7KkMgptGTl6WAcSdlbBPY4uNF+mWr6DGcKrvY2w4FQJoXch7+fKMjj0dRrL75vk3k23OA==}
    engines: {node: '>=6'}
    dev: true

  /local-pkg/0.4.0:
    resolution: {integrity: sha512-2XBWjO/v63JeR1HPzLJxdTVRQDB84Av2p2KtBA5ahvpyLUPubcAU6iXlAJrONcY7aSqgJhXxElAnKtnYsRolPQ==}
    engines: {node: '>=14'}
    dependencies:
      mlly: 0.2.10
    dev: true

  /lru-cache/6.0.0:
    resolution: {integrity: sha512-Jo6dJ04CmSjuznwJSS3pUeWmd/H0ffTlkXXgwZi+eq1UCmqQwCh+eLsYOYCwY991i2Fah4h1BEMCx4qThGbsiA==}
    engines: {node: '>=10'}
    dependencies:
      yallist: 4.0.0
    dev: true

  /magic-string/0.25.7:
    resolution: {integrity: sha512-4CrMT5DOHTDk4HYDlzmwu4FVCcIYI8gauveasrdCu2IKIFOJ3f0v/8MDGJCDL9oD2ppz/Av1b0Nj345H9M+XIA==}
    dependencies:
      sourcemap-codec: 1.4.8
    dev: true

  /mdsvex/0.9.8_svelte@3.44.3:
    resolution: {integrity: sha512-5QvThjRKoKkGH00qdHxLZ5ROd80RgGiJvM2B9opeFreaiGFTLoKKFUgEBCslLrwM24cVGJLmIM3rR83OFDf3tQ==}
    peerDependencies:
      svelte: 3.x
    dependencies:
      '@types/unist': 2.0.6
      prism-svelte: 0.4.7
      prismjs: 1.25.0
      svelte: 3.44.3
      vfile-message: 2.0.4
    dev: true

  /merge2/1.4.1:
    resolution: {integrity: sha512-8q7VEgMJW4J8tcfVPy8g09NcQwZdbwFEqhe/WZkoIzjn/3TGDwtOCYtXGxA3O8tPzpczCCDgv+P2P5y00ZJOOg==}
    engines: {node: '>= 8'}
    dev: true

  /micromatch/4.0.4:
    resolution: {integrity: sha512-pRmzw/XUcwXGpD9aI9q/0XOwLNygjETJ8y0ao0wdqprrzDa4YnxLcz7fQRZr8voh8V10kGhABbNcHVk5wHgWwg==}
    engines: {node: '>=8.6'}
    dependencies:
      braces: 3.0.2
      picomatch: 2.3.0
    dev: true

  /min-indent/1.0.1:
    resolution: {integrity: sha512-I9jwMn07Sy/IwOj3zVkVik2JTvgpaykDZEigL6Rx6N9LbMywwUSMtxET+7lVoDLLd3O3IXwJwvuuns8UB/HeAg==}
    engines: {node: '>=4'}
    dev: true

  /minimatch/3.0.4:
    resolution: {integrity: sha512-yJHVQEhyqPLUTgt9B83PXu6W3rx4MvvHvSUvToogpwoGDOUQ+yDrR0HRot+yOCdCO7u4hX3pWft6kWBBcqh0UA==}
    dependencies:
      brace-expansion: 1.1.11
    dev: true

  /minimist/1.2.5:
    resolution: {integrity: sha512-FM9nNUYrRBAELZQT3xeZQ7fmMOBg6nWNmJKTcgsJeaLstP/UODVpGsr5OhXhhXg6f+qtJ8uiZ+PUxkDWcgIXLw==}

  /mkdirp/0.5.5:
    resolution: {integrity: sha512-NKmAlESf6jMGym1++R0Ra7wvhV+wFW63FaSOFPwRahvea0gMUcGUhVeAg/0BC0wiv9ih5NYPB1Wn1UEI1/L+xQ==}
    hasBin: true
    dependencies:
      minimist: 1.2.5
    dev: true

  /mlly/0.2.10:
    resolution: {integrity: sha512-xfyW6c2QBGArtctzNnTV5leOKX8nOMz2simeubtXofdsdSJFSNw+Ncvrs8kxcN3pBrQLXuYBHNFV6NgZ5Ryf4A==}
    dependencies:
      import-meta-resolve: 1.1.1
    dev: true

  /mri/1.2.0:
    resolution: {integrity: sha512-tzzskb3bG8LvYGFF/mDTpq3jpI6Q9wc3LEmBaghu+DdCssd1FakN7Bc0hVNmEyGq1bq3RgfkCb3cmQLpNPOroA==}
    engines: {node: '>=4'}
    dev: true

  /mrmime/1.0.0:
    resolution: {integrity: sha512-a70zx7zFfVO7XpnQ2IX1Myh9yY4UYvfld/dikWRnsXxbyvMcfz+u6UfgNAtH+k2QqtJuzVpv6eLTx1G2+WKZbQ==}
    engines: {node: '>=10'}
    dev: true

  /ms/2.1.2:
    resolution: {integrity: sha512-sGkPx+VjMtmA6MX27oA4FBFELFCZZ4S4XqeGOXCv68tT+jb3vk/RyaKWP0PTKyWtmLSM0b+adUTEvbs1PEaH2w==}

  /nanoid/3.1.30:
    resolution: {integrity: sha512-zJpuPDwOv8D2zq2WRoMe1HsfZthVewpel9CAvTfc/2mBD1uUT/agc5f7GHGWXlYkFvi1mVxe4IjvP2HNrop7nQ==}
    engines: {node: ^10 || ^12 || ^13.7 || ^14 || >=15.0.1}
    hasBin: true
    dev: true

  /normalize-path/3.0.0:
    resolution: {integrity: sha512-6eZs5Ls3WtCisHWp9S2GUy8dqkpGi4BVSz3GaqiE6ezub0512ESztXUwUB6C6IKbQkY2Pnb/mD4WYojCRwcwLA==}
    engines: {node: '>=0.10.0'}
    dev: true

  /once/1.4.0:
    resolution: {integrity: sha1-WDsap3WWHUsROsF9nFC6753Xa9E=}
    dependencies:
      wrappy: 1.0.2
    dev: true

  /parent-module/1.0.1:
    resolution: {integrity: sha512-GQ2EWRpQV8/o+Aw8YqtfZZPfNRWZYkbidE9k5rpl/hC3vtHHBfGm2Ifi6qWV+coDGkrUKZAxE3Lot5kcsRlh+g==}
    engines: {node: '>=6'}
    dependencies:
      callsites: 3.1.0
    dev: true

  /path-is-absolute/1.0.1:
    resolution: {integrity: sha1-F0uSaHNVNP+8es5r9TpanhtcX18=}
    engines: {node: '>=0.10.0'}
    dev: true

  /path-parse/1.0.7:
    resolution: {integrity: sha512-LDJzPVEEEPR+y48z93A0Ed0yXb8pAByGWo/k5YYdYgpY2/2EsOsksJrq7lOHxryrVOn1ejG6oAp8ahvOIQD8sw==}
    dev: true

  /pathe/0.2.0:
    resolution: {integrity: sha512-sTitTPYnn23esFR3RlqYBWn4c45WGeLcsKzQiUpXJAyfcWkolvlYpV8FLo7JishK946oQwMFUCHXQ9AjGPKExw==}
    dev: true

  /picocolors/1.0.0:
    resolution: {integrity: sha512-1fygroTLlHu66zi26VoTDv8yRgm0Fccecssto+MhsZ0D/DGW2sm8E8AjW7NU5VVTRt5GxbeZ5qBuJr+HyLYkjQ==}
    dev: true

  /picomatch/2.3.0:
    resolution: {integrity: sha512-lY1Q/PiJGC2zOv/z391WOTD+Z02bCgsFfvxoXXf6h7kv9o+WmsmzYqrAwY63sNgOxE4xEdq0WyUnXfKeBrSvYw==}
    engines: {node: '>=8.6'}
    dev: true

  /postcss/8.4.5:
    resolution: {integrity: sha512-jBDboWM8qpaqwkMwItqTQTiFikhs/67OYVvblFFTM7MrZjt6yMKd6r2kgXizEbTTljacm4NldIlZnhbjr84QYg==}
    engines: {node: ^10 || ^12 || >=14}
    dependencies:
      nanoid: 3.1.30
      picocolors: 1.0.0
      source-map-js: 1.0.1
    dev: true

  /prettier-plugin-svelte/2.5.1_prettier@2.5.1+svelte@3.44.3:
    resolution: {integrity: sha512-IhZUcqr7Bg4LY15d87t9lDr7EyC0IPehkzH5ya5igG8zYwf3UYaYDFnVW2mckREaZyLREcH9YOouesmt4f5Ozg==}
    peerDependencies:
      prettier: ^1.16.4 || ^2.0.0
      svelte: ^3.2.0
    dependencies:
      prettier: 2.5.1
      svelte: 3.44.3
    dev: true

  /prettier/2.5.1:
    resolution: {integrity: sha512-vBZcPRUR5MZJwoyi3ZoyQlc1rXeEck8KgeC9AwwOn+exuxLxq5toTRDTSaVrXHxelDMHy9zlicw8u66yxoSUFg==}
    engines: {node: '>=10.13.0'}
    hasBin: true
    dev: true

  /prism-svelte/0.4.7:
    resolution: {integrity: sha512-yABh19CYbM24V7aS7TuPYRNMqthxwbvx6FF/Rw920YbyBWO3tnyPIqRMgHuSVsLmuHkkBS1Akyof463FVdkeDQ==}
    dev: true

  /prismjs/1.25.0:
    resolution: {integrity: sha512-WCjJHl1KEWbnkQom1+SzftbtXMKQoezOCYs5rECqMN+jP+apI7ftoflyqigqzopSO3hMhTEb0mFClA8lkolgEg==}
    dev: true

  /queue-microtask/1.2.3:
    resolution: {integrity: sha512-NuaNSa6flKT5JaSYQzJok04JzTL1CA6aGhv5rfLW3PgqA+M2ChpZQnAC8h8i4ZFkBS8X5RqkDBHA7r4hej3K9A==}
    dev: true

  /readdirp/3.6.0:
    resolution: {integrity: sha512-hOS089on8RduqdbhvQ5Z37A0ESjsqz6qnRcffsMU3495FuTdqSm+7bhJ29JvIOsBDEEnan5DPu9t3To9VRlMzA==}
    engines: {node: '>=8.10.0'}
    dependencies:
      picomatch: 2.3.0
    dev: true

  /recrawl-sync/2.2.1:
    resolution: {integrity: sha512-A2yLDgeXNaduJJMlqyUdIN7fewopnNm/mVeeGytS1d2HLXKpS5EthQ0j8tWeX+as9UXiiwQRwfoslKC+/gjqxg==}
    dependencies:
      '@cush/relative': 1.0.0
      glob-regex: 0.3.2
      slash: 3.0.0
      tslib: 1.14.1
    dev: false

  /require-relative/0.8.7:
    resolution: {integrity: sha1-eZlTn8ngR6N5KPoZb44VY9q9Nt4=}
    dev: true

  /resolve-from/4.0.0:
    resolution: {integrity: sha512-pb/MYmXstAkysRFx8piNI1tGFNQIFA3vkE3Gq4EuA1dF6gHp/+vgZqsCGJapvy8N3Q+4o7FwvquPJcnZ7RYy4g==}
    engines: {node: '>=4'}
    dev: true

  /resolve/1.20.0:
    resolution: {integrity: sha512-wENBPt4ySzg4ybFQW2TT1zMQucPK95HSh/nq2CFTZVOGut2+pQvSsgtda4d26YrYcr067wjbmzOG8byDPBX63A==}
    dependencies:
      is-core-module: 2.8.0
      path-parse: 1.0.7
    dev: true

  /reusify/1.0.4:
    resolution: {integrity: sha512-U9nH88a3fc/ekCF1l0/UP1IosiuIjyTh7hBvXVMHYgVcfGvt897Xguj2UOLDeI5BG2m7/uwyaLVT6fbtCwTyzw==}
    engines: {iojs: '>=1.0.0', node: '>=0.10.0'}
    dev: true

  /rimraf/2.7.1:
    resolution: {integrity: sha512-uWjbaKIK3T1OSVptzX7Nl6PvQ3qAGtKEtVRjRuazjfL3Bx5eI409VZSqgND+4UNnmzLVdPj9FqFJNPqBZFve4w==}
    hasBin: true
    dependencies:
      glob: 7.2.0
    dev: true

  /rollup/2.62.0:
    resolution: {integrity: sha512-cJEQq2gwB0GWMD3rYImefQTSjrPYaC6s4J9pYqnstVLJ1CHa/aZNVkD4Epuvg4iLeMA4KRiq7UM7awKK6j7jcw==}
    engines: {node: '>=10.0.0'}
    hasBin: true
    optionalDependencies:
      fsevents: 2.3.2
    dev: true

  /run-parallel/1.2.0:
    resolution: {integrity: sha512-5l4VyZR86LZ/lDxZTR6jqL8AFE2S0IFLMP26AbjsLVADxHdhB/c0GUsH+y39UfCi3dzz8OlQuPmnaJOMoDHQBA==}
    dependencies:
      queue-microtask: 1.2.3
    dev: true

  /sade/1.7.4:
    resolution: {integrity: sha512-y5yauMD93rX840MwUJr7C1ysLFBgMspsdTo4UVrDg3fXDvtwOyIqykhVAAm6fk/3au77773itJStObgK+LKaiA==}
    engines: {node: '>= 6'}
    dependencies:
      mri: 1.2.0
    dev: true

  /sander/0.5.1:
    resolution: {integrity: sha1-dB4kXiMfB8r7b98PEzrfohalAq0=}
    dependencies:
      es6-promise: 3.3.1
      graceful-fs: 4.2.8
      mkdirp: 0.5.5
      rimraf: 2.7.1
    dev: true

  /semver/7.3.5:
    resolution: {integrity: sha512-PoeGJYh8HK4BTO/a9Tf6ZG3veo/A7ZVsYrSA6J8ny9nb3B1VrpkuN+z9OE5wfE5p6H4LchYZsegiQgbJD94ZFQ==}
    engines: {node: '>=10'}
    hasBin: true
    dependencies:
      lru-cache: 6.0.0
    dev: true

  /sirv/1.0.19:
    resolution: {integrity: sha512-JuLThK3TnZG1TAKDwNIqNq6QA2afLOCcm+iE8D1Kj3GA40pSPsxQjjJl0J8X3tsR7T+CP1GavpzLwYkgVLWrZQ==}
    engines: {node: '>= 10'}
    dependencies:
      '@polka/url': 1.0.0-next.21
      mrmime: 1.0.0
      totalist: 1.1.0
    dev: true

  /slash/3.0.0:
    resolution: {integrity: sha512-g9Q1haeby36OSStwb4ntCGGGaKsaVSjQ68fBxoQcutl5fS1vuY18H3wSt3jFyFtrkx+Kz0V1G85A4MyAdDMi2Q==}
    engines: {node: '>=8'}
    dev: false

  /sorcery/0.10.0:
    resolution: {integrity: sha1-iukK19fLBfxZ8asMY3hF1cFaUrc=}
    hasBin: true
    dependencies:
      buffer-crc32: 0.2.13
      minimist: 1.2.5
      sander: 0.5.1
      sourcemap-codec: 1.4.8
    dev: true

  /source-map-js/1.0.1:
    resolution: {integrity: sha512-4+TN2b3tqOCd/kaGRJ/sTYA0tR0mdXx26ipdolxcwtJVqEnqNYvlCAt1q3ypy4QMlYus+Zh34RNtYLoq2oQ4IA==}
    engines: {node: '>=0.10.0'}
    dev: true

  /source-map/0.7.3:
    resolution: {integrity: sha512-CkCj6giN3S+n9qrYiBTX5gystlENnRW5jZeNLHpe6aue+SrHcG5VYwujhW9s4dY31mEGsxBDrHR6oI69fTXsaQ==}
    engines: {node: '>= 8'}
    dev: true

  /sourcemap-codec/1.4.8:
    resolution: {integrity: sha512-9NykojV5Uih4lgo5So5dtw+f0JgJX30KCNI8gwhz2J9A15wD0Ml6tjHKwf6fTSa6fAdVBdZeNOs9eJ71qCk8vA==}
    dev: true

  /strip-bom/3.0.0:
    resolution: {integrity: sha1-IzTBjpx1n3vdVv3vfprj1YjmjtM=}
    engines: {node: '>=4'}
    dev: false

  /strip-indent/3.0.0:
    resolution: {integrity: sha512-laJTa3Jb+VQpaC6DseHhF7dXVqHTfJPCRDaEbid/drOhgitgYku/letMUqOXFoWV0zIIUbjpdH2t+tYj4bQMRQ==}
    engines: {node: '>=8'}
    dependencies:
      min-indent: 1.0.1
    dev: true

  /supports-color/7.2.0:
    resolution: {integrity: sha512-qpCAvRl9stuOHveKsn7HncJRvv501qIacKzQlO/+Lwxc9+0q2wLyv4Dfvt80/DPn2pqOBsJdDiogXGR9+OvwRw==}
    engines: {node: '>=8'}
    dependencies:
      has-flag: 4.0.0
    dev: true

  /svelte-check/2.2.11_svelte@3.44.3:
    resolution: {integrity: sha512-clotPGGZPj3LuS9qP1lk+Wwnsj+js42ehCPmHk+qtyaQh/dU95e0qkpPmtmOMYHN6My5Y75XqeN1QNLj5V5gwA==}
    hasBin: true
    peerDependencies:
      svelte: ^3.24.0
    dependencies:
      chalk: 4.1.2
      chokidar: 3.5.2
      fast-glob: 3.2.7
      import-fresh: 3.3.0
      minimist: 1.2.5
      sade: 1.7.4
      source-map: 0.7.3
      svelte: 3.44.3
      svelte-preprocess: 4.10.1_svelte@3.44.3+typescript@4.5.4
      typescript: 4.5.4
    transitivePeerDependencies:
      - '@babel/core'
      - coffeescript
      - less
      - node-sass
      - postcss
      - postcss-load-config
      - pug
      - sass
      - stylus
      - sugarss
    dev: true

  /svelte-hmr/0.14.9_svelte@3.44.3:
    resolution: {integrity: sha512-bKE9+4qb4sAnA+TKHiYurUl970rjA0XmlP9TEP7K/ncyWz3m81kA4HOgmlZK/7irGK7gzZlaPDI3cmf8fp/+tg==}
    peerDependencies:
      svelte: '>=3.19.0'
    dependencies:
      svelte: 3.44.3
    dev: true

  /svelte-preprocess/4.10.1_svelte@3.44.3+typescript@4.5.4:
    resolution: {integrity: sha512-NSNloaylf+o9UeyUR2KvpdxrAyMdHl3U7rMnoP06/sG0iwJvlUM4TpMno13RaNqovh4AAoGsx1jeYcIyuGUXMw==}
    engines: {node: '>= 9.11.2'}
    requiresBuild: true
    peerDependencies:
      '@babel/core': ^7.10.2
      coffeescript: ^2.5.1
      less: ^3.11.3
      node-sass: '*'
      postcss: ^7 || ^8
      postcss-load-config: ^2.1.0 || ^3.0.0
      pug: ^3.0.0
      sass: ^1.26.8
      stylus: ^0.54.7
      sugarss: ^2.0.0
      svelte: ^3.23.0
      typescript: ^4.5.2
    peerDependenciesMeta:
      '@babel/core':
        optional: true
      coffeescript:
        optional: true
      less:
        optional: true
      node-sass:
        optional: true
      postcss:
        optional: true
      postcss-load-config:
        optional: true
      pug:
        optional: true
      sass:
        optional: true
      stylus:
        optional: true
      sugarss:
        optional: true
      typescript:
        optional: true
    dependencies:
      '@types/pug': 2.0.6
      '@types/sass': 1.43.1
      detect-indent: 6.1.0
      magic-string: 0.25.7
      sorcery: 0.10.0
      strip-indent: 3.0.0
      svelte: 3.44.3
      typescript: 4.5.4
    dev: true

  /svelte/3.44.3:
    resolution: {integrity: sha512-aGgrNCip5PQFNfq9e9tmm7EYxWLVHoFsEsmKrtOeRD8dmoGDdyTQ+21xd7qgFd8MNdKGSYvg7F9dr+Tc0yDymg==}
    engines: {node: '>= 8'}
    dev: true

  /tiny-glob/0.2.9:
    resolution: {integrity: sha512-g/55ssRPUjShh+xkfx9UPDXqhckHEsHr4Vd9zX55oSdGZc/MD0m3sferOkwWtp98bv+kcVfEHtRJgBVJzelrzg==}
    dependencies:
      globalyzer: 0.1.0
      globrex: 0.1.2
    dev: true

  /to-regex-range/5.0.1:
    resolution: {integrity: sha512-65P7iz6X5yEr1cwcgvQxbbIw7Uk3gOy5dIdtZ4rDveLqhrdJP+Li/Hx6tyK0NEb+2GCyneCMJiGqrADCSNk8sQ==}
    engines: {node: '>=8.0'}
    dependencies:
      is-number: 7.0.0
    dev: true

  /totalist/1.1.0:
    resolution: {integrity: sha512-gduQwd1rOdDMGxFG1gEvhV88Oirdo2p+KjoYFU7k2g+i7n6AFFbDQ5kMPUsW0pNbfQsB/cwXvT1i4Bue0s9g5g==}
    engines: {node: '>=6'}
    dev: true

  /tsconfig-paths/3.12.0:
    resolution: {integrity: sha512-e5adrnOYT6zqVnWqZu7i/BQ3BnhzvGbjEjejFXO20lKIKpwTaupkCPgEfv4GZK1IBciJUEhYs3J3p75FdaTFVg==}
    dependencies:
      '@types/json5': 0.0.29
      json5: 1.0.1
      minimist: 1.2.5
      strip-bom: 3.0.0
    dev: false

  /tslib/1.14.1:
    resolution: {integrity: sha512-Xni35NKzjgMrwevysHTCArtLDpPvye8zV/0E4EyYn43P7/7qvQwPh9BGkHewbMulVntbigmcT7rdX3BNo9wRJg==}
    dev: false

  /tslib/2.3.1:
    resolution: {integrity: sha512-77EbyPPpMz+FRFRuAFlWMtmgUWGe9UOG2Z25NqCwiIjRhOf5iKGuzSe5P2w1laq+FkRy4p+PCuVkJSGkzTEKVw==}
    dev: true

  /typescript/4.5.4:
    resolution: {integrity: sha512-VgYs2A2QIRuGphtzFV7aQJduJ2gyfTljngLzjpfW9FoYZF6xuw1W0vW9ghCKLfcWrCFxK81CSGRAvS1pn4fIUg==}
    engines: {node: '>=4.2.0'}
    hasBin: true
    dev: true

  /unconfig/0.2.2:
    resolution: {integrity: sha512-JN1MeYJ/POnjBj7NgOJJxPp6+NcD6Nd0hEuK0D89kjm9GvQQUq8HeE2Eb7PZgtu+64mWkDiqeJn1IZoLH7htPg==}
    dependencies:
      '@antfu/utils': 0.3.0
      defu: 5.0.0
      jiti: 1.12.9
    dev: true

  /unist-util-stringify-position/2.0.3:
    resolution: {integrity: sha512-3faScn5I+hy9VleOq/qNbAd6pAx7iH5jYBMS9I1HgQVijz/4mv5Bvw5iw1sC/90CODiKo81G/ps8AJrISn687g==}
    dependencies:
      '@types/unist': 2.0.6
    dev: true

  /unocss-preset-typography/0.3.0_unocss@0.18.0:
    resolution: {integrity: sha512-KtrYfOxfoiFeGvaC4Wdb5yoV7G4+NV929AaKwxXaTAKhtCK5TYiRtDt4pNrxwRHGtZo0D7P0cRqXAyuGbmtsuw==}
    engines: {node: '>=14.18'}
    peerDependencies:
      unocss: ^0.12.1
    dependencies:
      unocss: 0.18.0
    dev: true

  /unocss/0.18.0:
    resolution: {integrity: sha512-c9szSjIV99ulO5BscSsiqSUTmMfzA62andl5uTQhNRSQqa+ORf+vFyvie9Z5DeawediKe6auxRL6BnaUnkEPLA==}
    engines: {node: '>=14'}
    dependencies:
      '@unocss/cli': 0.18.0
      '@unocss/core': 0.18.0
      '@unocss/preset-attributify': 0.18.0
      '@unocss/preset-icons': 0.18.0
      '@unocss/preset-uno': 0.18.0
      '@unocss/reset': 0.18.0
      '@unocss/vite': 0.18.0
    dev: true

  /vfile-message/2.0.4:
    resolution: {integrity: sha512-DjssxRGkMvifUOJre00juHoP9DPWuzjxKuMDrhNbk2TdaYYBNMStsNhEOt3idrtI12VQYM/1+iM0KOzXi4pxwQ==}
    dependencies:
      '@types/unist': 2.0.6
      unist-util-stringify-position: 2.0.3
    dev: true

  /vite-tsconfig-paths/3.3.17:
    resolution: {integrity: sha512-wx+rfC53moVLxMBj2EApJZgY6HtvWUFVZ4dBxNGYBxSSqU6UaHdKlcOxrfGDxyTGtYEr9beWCryHn18C4EtZkg==}
    peerDependencies:
      vite: '>2.0.0-0'
    dependencies:
      debug: 4.3.3
      globrex: 0.1.2
      recrawl-sync: 2.2.1
      tsconfig-paths: 3.12.0
    transitivePeerDependencies:
      - supports-color
    dev: false

  /vite/2.7.6:
    resolution: {integrity: sha512-PBNoc87rDYLtkpFU9dbVeGdbcyKzz6c34oScqivE3FEa3BhVa4ASupCzcz0eDIiSECovfLcQnLUJt9vhiEU08g==}
    engines: {node: '>=12.2.0'}
    hasBin: true
    peerDependencies:
      less: '*'
      sass: '*'
      stylus: '*'
    peerDependenciesMeta:
      less:
        optional: true
      sass:
        optional: true
      stylus:
        optional: true
    dependencies:
      esbuild: 0.13.15
      postcss: 8.4.5
      resolve: 1.20.0
      rollup: 2.62.0
    optionalDependencies:
      fsevents: 2.3.2
    dev: true

  /wrappy/1.0.2:
    resolution: {integrity: sha1-tSQ9jz7BqjXxNkYFvA0QNuMKtp8=}
    dev: true

  /yallist/4.0.0:
    resolution: {integrity: sha512-3wdGidZyq5PB084XLES5TpOSRA3wjXAlIWMhum2kRcv/41Sn2emQ0dycQW4uZXLejwKvg6EsvbdlVL+FYEct7A==}
    dev: true
